# THIS IS AN AUTOGENERATED FILE. DO NOT EDIT THIS FILE DIRECTLY.
# yarn lockfile v1


react-hook-form@^7.32.2:
  version "7.32.2"
  resolved "https://registry.yarnpkg.com/react-hook-form/-/react-hook-form-7.32.2.tgz#58ec2ab0239ce97969baa2faa03ced13fae913ac"
  integrity sha512-F1A6n762xaRhvtQH5SkQQhMr19cCkHZYesTcKJJeNmrphiZp/cYFTIzC05FnQry0SspM54oPJ9tXFXlzya8VNQ==
